// !$*UTF8*$!
{
	archiveVersion = 1;
	classes = {
	};
	objectVersion = 46;
	objects = {

/* Begin PBXBuildFile section */
		6408CEE81CCD7C4900DA1B8C /* AddTaskViewController.swift in Sources */ = {isa = PBXBuildFile; fileRef = 6408CEE71CCD7C4900DA1B8C /* AddTaskViewController.swift */; };
		6408CEEA1CCD7C5100DA1B8C /* GarbageViewController.swift in Sources */ = {isa = PBXBuildFile; fileRef = 6408CEE91CCD7C5100DA1B8C /* GarbageViewController.swift */; };
		6408CEEC1CCD7C5800DA1B8C /* ProfileTableViewController.swift in Sources */ = {isa = PBXBuildFile; fileRef = 6408CEEB1CCD7C5800DA1B8C /* ProfileTableViewController.swift */; };
		6408CEEE1CCD7C5D00DA1B8C /* StatsTableViewController.swift in Sources */ = {isa = PBXBuildFile; fileRef = 6408CEED1CCD7C5D00DA1B8C /* StatsTableViewController.swift */; };
		643D4A3A1CD409F100C35947 /* items.png in Resources */ = {isa = PBXBuildFile; fileRef = 643D4A391CD409F100C35947 /* items.png */; };
		643D4A401CD40A1000C35947 /* scorechart.png in Resources */ = {isa = PBXBuildFile; fileRef = 643D4A3F1CD40A1000C35947 /* scorechart.png */; };
		643D4A421CD40A1D00C35947 /* tasks.png in Resources */ = {isa = PBXBuildFile; fileRef = 643D4A411CD40A1D00C35947 /* tasks.png */; };
		643D4A441CD40A4800C35947 /* profile.png in Resources */ = {isa = PBXBuildFile; fileRef = 643D4A431CD40A4800C35947 /* profile.png */; };
		643D4A461CD40A5C00C35947 /* houseIcon.png in Resources */ = {isa = PBXBuildFile; fileRef = 643D4A451CD40A5C00C35947 /* houseIcon.png */; };
		643D4A481CD40A6400C35947 /* houseIcon1.png in Resources */ = {isa = PBXBuildFile; fileRef = 643D4A471CD40A6400C35947 /* houseIcon1.png */; };
		645896281CC7308900458AED /* TasksTableViewController.swift in Sources */ = {isa = PBXBuildFile; fileRef = 645896271CC7308900458AED /* TasksTableViewController.swift */; };
		6458962A1CC7332A00458AED /* HouseItemsTableViewController.swift in Sources */ = {isa = PBXBuildFile; fileRef = 645896291CC7332A00458AED /* HouseItemsTableViewController.swift */; };
		6458962C1CC743D400458AED /* AddHouseItemViewController.swift in Sources */ = {isa = PBXBuildFile; fileRef = 6458962B1CC743D400458AED /* AddHouseItemViewController.swift */; };
		6487890C1CD0923E00C43B5F /* garbageBin.gif in Resources */ = {isa = PBXBuildFile; fileRef = 6487890B1CD0923E00C43B5F /* garbageBin.gif */; };
		64DEA0DC1CC5C87400787C84 /* AppDelegate.swift in Sources */ = {isa = PBXBuildFile; fileRef = 64DEA0DB1CC5C87400787C84 /* AppDelegate.swift */; };
		64DEA0DE1CC5C87400787C84 /* LoginViewController.swift in Sources */ = {isa = PBXBuildFile; fileRef = 64DEA0DD1CC5C87400787C84 /* LoginViewController.swift */; };
		64DEA0E11CC5C87400787C84 /* Main.storyboard in Resources */ = {isa = PBXBuildFile; fileRef = 64DEA0DF1CC5C87400787C84 /* Main.storyboard */; };
		64DEA0E31CC5C87400787C84 /* Assets.xcassets in Resources */ = {isa = PBXBuildFile; fileRef = 64DEA0E21CC5C87400787C84 /* Assets.xcassets */; };
		64DEA0E61CC5C87400787C84 /* LaunchScreen.storyboard in Resources */ = {isa = PBXBuildFile; fileRef = 64DEA0E41CC5C87400787C84 /* LaunchScreen.storyboard */; };
		64DEA0EE1CC5CEB100787C84 /* RegisterUserViewController.swift in Sources */ = {isa = PBXBuildFile; fileRef = 64DEA0ED1CC5CEB100787C84 /* RegisterUserViewController.swift */; };
		64DEA0F01CC5CEE600787C84 /* RegisterHouseViewController.swift in Sources */ = {isa = PBXBuildFile; fileRef = 64DEA0EF1CC5CEE600787C84 /* RegisterHouseViewController.swift */; };
		64DEA0F41CC5D60B00787C84 /* User.swift in Sources */ = {isa = PBXBuildFile; fileRef = 64DEA0F31CC5D60B00787C84 /* User.swift */; };
		64DEA0F61CC5DCF100787C84 /* House.swift in Sources */ = {isa = PBXBuildFile; fileRef = 64DEA0F51CC5DCF100787C84 /* House.swift */; };
		64DEA0F81CC5DD1C00787C84 /* ExecutiveUser.swift in Sources */ = {isa = PBXBuildFile; fileRef = 64DEA0F71CC5DD1C00787C84 /* ExecutiveUser.swift */; };
		64DEA0FA1CC5DD9100787C84 /* Task.swift in Sources */ = {isa = PBXBuildFile; fileRef = 64DEA0F91CC5DD9100787C84 /* Task.swift */; };
/* End PBXBuildFile section */

/* Begin PBXFileReference section */
		6408CEE71CCD7C4900DA1B8C /* AddTaskViewController.swift */ = {isa = PBXFileReference; fileEncoding = 4; lastKnownFileType = sourcecode.swift; path = AddTaskViewController.swift; sourceTree = "<group>"; };
		6408CEE91CCD7C5100DA1B8C /* GarbageViewController.swift */ = {isa = PBXFileReference; fileEncoding = 4; lastKnownFileType = sourcecode.swift; path = GarbageViewController.swift; sourceTree = "<group>"; };
		6408CEEB1CCD7C5800DA1B8C /* ProfileTableViewController.swift */ = {isa = PBXFileReference; fileEncoding = 4; lastKnownFileType = sourcecode.swift; path = ProfileTableViewController.swift; sourceTree = "<group>"; };
		6408CEED1CCD7C5D00DA1B8C /* StatsTableViewController.swift */ = {isa = PBXFileReference; fileEncoding = 4; lastKnownFileType = sourcecode.swift; path = StatsTableViewController.swift; sourceTree = "<group>"; };
		643D4A391CD409F100C35947 /* items.png */ = {isa = PBXFileReference; lastKnownFileType = image.png; name = items.png; path = Homies/items.png; sourceTree = "<group>"; };
		643D4A3F1CD40A1000C35947 /* scorechart.png */ = {isa = PBXFileReference; lastKnownFileType = image.png; name = scorechart.png; path = Homies/scorechart.png; sourceTree = "<group>"; };
		643D4A411CD40A1D00C35947 /* tasks.png */ = {isa = PBXFileReference; lastKnownFileType = image.png; name = tasks.png; path = Homies/tasks.png; sourceTree = "<group>"; };
		643D4A431CD40A4800C35947 /* profile.png */ = {isa = PBXFileReference; lastKnownFileType = image.png; name = profile.png; path = Homies/profile.png; sourceTree = "<group>"; };
		643D4A451CD40A5C00C35947 /* houseIcon.png */ = {isa = PBXFileReference; lastKnownFileType = image.png; name = houseIcon.png; path = Homies/houseIcon.png; sourceTree = "<group>"; };
		643D4A471CD40A6400C35947 /* houseIcon1.png */ = {isa = PBXFileReference; lastKnownFileType = image.png; name = houseIcon1.png; path = Homies/houseIcon1.png; sourceTree = "<group>"; };
		645896271CC7308900458AED /* TasksTableViewController.swift */ = {isa = PBXFileReference; fileEncoding = 4; lastKnownFileType = sourcecode.swift; path = TasksTableViewController.swift; sourceTree = "<group>"; };
		645896291CC7332A00458AED /* HouseItemsTableViewController.swift */ = {isa = PBXFileReference; fileEncoding = 4; lastKnownFileType = sourcecode.swift; path = HouseItemsTableViewController.swift; sourceTree = "<group>"; };
		6458962B1CC743D400458AED /* AddHouseItemViewController.swift */ = {isa = PBXFileReference; fileEncoding = 4; lastKnownFileType = sourcecode.swift; path = AddHouseItemViewController.swift; sourceTree = "<group>"; };
		6487890B1CD0923E00C43B5F /* garbageBin.gif */ = {isa = PBXFileReference; lastKnownFileType = image.gif; name = garbageBin.gif; path = Homies/garbageBin.gif; sourceTree = "<group>"; };
		64DEA0D81CC5C87400787C84 /* Homies.app */ = {isa = PBXFileReference; explicitFileType = wrapper.application; includeInIndex = 0; path = Homies.app; sourceTree = BUILT_PRODUCTS_DIR; };
		64DEA0DB1CC5C87400787C84 /* AppDelegate.swift */ = {isa = PBXFileReference; lastKnownFileType = sourcecode.swift; path = AppDelegate.swift; sourceTree = "<group>"; };
		64DEA0DD1CC5C87400787C84 /* LoginViewController.swift */ = {isa = PBXFileReference; lastKnownFileType = sourcecode.swift; path = LoginViewController.swift; sourceTree = "<group>"; };
		64DEA0E01CC5C87400787C84 /* Base */ = {isa = PBXFileReference; lastKnownFileType = file.storyboard; name = Base; path = Base.lproj/Main.storyboard; sourceTree = "<group>"; };
		64DEA0E21CC5C87400787C84 /* Assets.xcassets */ = {isa = PBXFileReference; lastKnownFileType = folder.assetcatalog; path = Assets.xcassets; sourceTree = "<group>"; };
		64DEA0E51CC5C87400787C84 /* Base */ = {isa = PBXFileReference; lastKnownFileType = file.storyboard; name = Base; path = Base.lproj/LaunchScreen.storyboard; sourceTree = "<group>"; };
		64DEA0E71CC5C87400787C84 /* Info.plist */ = {isa = PBXFileReference; lastKnownFileType = text.plist.xml; path = Info.plist; sourceTree = "<group>"; };
		64DEA0ED1CC5CEB100787C84 /* RegisterUserViewController.swift */ = {isa = PBXFileReference; fileEncoding = 4; lastKnownFileType = sourcecode.swift; path = RegisterUserViewController.swift; sourceTree = "<group>"; };
		64DEA0EF1CC5CEE600787C84 /* RegisterHouseViewController.swift */ = {isa = PBXFileReference; fileEncoding = 4; lastKnownFileType = sourcecode.swift; path = RegisterHouseViewController.swift; sourceTree = "<group>"; };
		64DEA0F31CC5D60B00787C84 /* User.swift */ = {isa = PBXFileReference; fileEncoding = 4; lastKnownFileType = sourcecode.swift; name = User.swift; path = ../User.swift; sourceTree = "<group>"; };
		64DEA0F51CC5DCF100787C84 /* House.swift */ = {isa = PBXFileReference; fileEncoding = 4; lastKnownFileType = sourcecode.swift; name = House.swift; path = ../House.swift; sourceTree = "<group>"; };
		64DEA0F71CC5DD1C00787C84 /* ExecutiveUser.swift */ = {isa = PBXFileReference; fileEncoding = 4; lastKnownFileType = sourcecode.swift; name = ExecutiveUser.swift; path = ../ExecutiveUser.swift; sourceTree = "<group>"; };
		64DEA0F91CC5DD9100787C84 /* Task.swift */ = {isa = PBXFileReference; fileEncoding = 4; lastKnownFileType = sourcecode.swift; path = Task.swift; sourceTree = "<group>"; };
/* End PBXFileReference section */

/* Begin PBXFrameworksBuildPhase section */
		64DEA0D51CC5C87400787C84 /* Frameworks */ = {
			isa = PBXFrameworksBuildPhase;
			buildActionMask = 2147483647;
			files = (
			);
			runOnlyForDeploymentPostprocessing = 0;
		};
/* End PBXFrameworksBuildPhase section */

/* Begin PBXGroup section */
		64DEA0CF1CC5C87400787C84 = {
			isa = PBXGroup;
			children = (
				6487890B1CD0923E00C43B5F /* garbageBin.gif */,
				643D4A391CD409F100C35947 /* items.png */,
				643D4A3F1CD40A1000C35947 /* scorechart.png */,
				643D4A411CD40A1D00C35947 /* tasks.png */,
				643D4A431CD40A4800C35947 /* profile.png */,
				643D4A451CD40A5C00C35947 /* houseIcon.png */,
				643D4A471CD40A6400C35947 /* houseIcon1.png */,
				64DEA0DA1CC5C87400787C84 /* Homies */,
				64DEA0D91CC5C87400787C84 /* Products */,
			);
			sourceTree = "<group>";
		};
		64DEA0D91CC5C87400787C84 /* Products */ = {
			isa = PBXGroup;
			children = (
				64DEA0D81CC5C87400787C84 /* Homies.app */,
			);
			name = Products;
			sourceTree = "<group>";
		};
		64DEA0DA1CC5C87400787C84 /* Homies */ = {
			isa = PBXGroup;
			children = (
				64DEA0F71CC5DD1C00787C84 /* ExecutiveUser.swift */,
				64DEA0F31CC5D60B00787C84 /* User.swift */,
				64DEA0F91CC5DD9100787C84 /* Task.swift */,
				64DEA0F51CC5DCF100787C84 /* House.swift */,
				64DEA0DB1CC5C87400787C84 /* AppDelegate.swift */,
				64DEA0ED1CC5CEB100787C84 /* RegisterUserViewController.swift */,
				64DEA0EF1CC5CEE600787C84 /* RegisterHouseViewController.swift */,
				645896291CC7332A00458AED /* HouseItemsTableViewController.swift */,
				6458962B1CC743D400458AED /* AddHouseItemViewController.swift */,
				6408CEE71CCD7C4900DA1B8C /* AddTaskViewController.swift */,
				645896271CC7308900458AED /* TasksTableViewController.swift */,
				64DEA0DD1CC5C87400787C84 /* LoginViewController.swift */,
				6408CEED1CCD7C5D00DA1B8C /* StatsTableViewController.swift */,
				6408CEEB1CCD7C5800DA1B8C /* ProfileTableViewController.swift */,
				6408CEE91CCD7C5100DA1B8C /* GarbageViewController.swift */,
				64DEA0DF1CC5C87400787C84 /* Main.storyboard */,
				64DEA0E21CC5C87400787C84 /* Assets.xcassets */,
				64DEA0E41CC5C87400787C84 /* LaunchScreen.storyboard */,
				64DEA0E71CC5C87400787C84 /* Info.plist */,
			);
			path = Homies;
			sourceTree = "<group>";
		};
/* End PBXGroup section */

/* Begin PBXNativeTarget section */
		64DEA0D71CC5C87400787C84 /* Homies */ = {
			isa = PBXNativeTarget;
			buildConfigurationList = 64DEA0EA1CC5C87400787C84 /* Build configuration list for PBXNativeTarget "Homies" */;
			buildPhases = (
				64DEA0D41CC5C87400787C84 /* Sources */,
				64DEA0D51CC5C87400787C84 /* Frameworks */,
				64DEA0D61CC5C87400787C84 /* Resources */,
			);
			buildRules = (
			);
			dependencies = (
			);
			name = Homies;
			productName = Homies;
			productReference = 64DEA0D81CC5C87400787C84 /* Homies.app */;
			productType = "com.apple.product-type.application";
		};
/* End PBXNativeTarget section */

/* Begin PBXProject section */
		64DEA0D01CC5C87400787C84 /* Project object */ = {
			isa = PBXProject;
			attributes = {
				LastSwiftUpdateCheck = 0720;
				LastUpgradeCheck = 0720;
				ORGANIZATIONNAME = samkhano;
				TargetAttributes = {
					64DEA0D71CC5C87400787C84 = {
						CreatedOnToolsVersion = 7.2;
					};
				};
			};
			buildConfigurationList = 64DEA0D31CC5C87400787C84 /* Build configuration list for PBXProject "Homies" */;
			compatibilityVersion = "Xcode 3.2";
			developmentRegion = English;
			hasScannedForEncodings = 0;
			knownRegions = (
				en,
				Base,
			);
			mainGroup = 64DEA0CF1CC5C87400787C84;
			productRefGroup = 64DEA0D91CC5C87400787C84 /* Products */;
			projectDirPath = "";
			projectRoot = "";
			targets = (
				64DEA0D71CC5C87400787C84 /* Homies */,
			);
		};
/* End PBXProject section */

/* Begin PBXResourcesBuildPhase section */
		64DEA0D61CC5C87400787C84 /* Resources */ = {
			isa = PBXResourcesBuildPhase;
			buildActionMask = 2147483647;
			files = (
				6487890C1CD0923E00C43B5F /* garbageBin.gif in Resources */,
				643D4A3A1CD409F100C35947 /* items.png in Resources */,
				64DEA0E61CC5C87400787C84 /* LaunchScreen.storyboard in Resources */,
				643D4A401CD40A1000C35947 /* scorechart.png in Resources */,
				64DEA0E31CC5C87400787C84 /* Assets.xcassets in Resources */,
				643D4A481CD40A6400C35947 /* houseIcon1.png in Resources */,
				64DEA0E11CC5C87400787C84 /* Main.storyboard in Resources */,
				643D4A421CD40A1D00C35947 /* tasks.png in Resources */,
				643D4A461CD40A5C00C35947 /* houseIcon.png in Resources */,
				643D4A441CD40A4800C35947 /* profile.png in Resources */,
			);
			runOnlyForDeploymentPostprocessing = 0;
		};
/* End PBXResourcesBuildPhase section */

/* Begin PBXSourcesBuildPhase section */
		64DEA0D41CC5C87400787C84 /* Sources */ = {
			isa = PBXSourcesBuildPhase;
			buildActionMask = 2147483647;
			files = (
				64DEA0FA1CC5DD9100787C84 /* Task.swift in Sources */,
				64DEA0F01CC5CEE600787C84 /* RegisterHouseViewController.swift in Sources */,
				64DEA0EE1CC5CEB100787C84 /* RegisterUserViewController.swift in Sources */,
				64DEA0F41CC5D60B00787C84 /* User.swift in Sources */,
				6458962A1CC7332A00458AED /* HouseItemsTableViewController.swift in Sources */,
				64DEA0DE1CC5C87400787C84 /* LoginViewController.swift in Sources */,
				6408CEEC1CCD7C5800DA1B8C /* ProfileTableViewController.swift in Sources */,
				64DEA0F81CC5DD1C00787C84 /* ExecutiveUser.swift in Sources */,
				645896281CC7308900458AED /* TasksTableViewController.swift in Sources */,
				6408CEEA1CCD7C5100DA1B8C /* GarbageViewController.swift in Sources */,
				6458962C1CC743D400458AED /* AddHouseItemViewController.swift in Sources */,
				64DEA0F61CC5DCF100787C84 /* House.swift in Sources */,
				64DEA0DC1CC5C87400787C84 /* AppDelegate.swift in Sources */,
				6408CEE81CCD7C4900DA1B8C /* AddTaskViewController.swift in Sources */,
				6408CEEE1CCD7C5D00DA1B8C /* StatsTableViewController.swift in Sources */,
			);
			runOnlyForDeploymentPostprocessing = 0;
		};
/* End PBXSourcesBuildPhase section */

/* Begin PBXVariantGroup section */
		64DEA0DF1CC5C87400787C84 /* Main.storyboard */ = {
			isa = PBXVariantGroup;
			children = (
				64DEA0E01CC5C87400787C84 /* Base */,
			);
			name = Main.storyboard;
			sourceTree = "<group>";
		};
		64DEA0E41CC5C87400787C84 /* LaunchScreen.storyboard */ = {
			isa = PBXVariantGroup;
			children = (
				64DEA0E51CC5C87400787C84 /* Base */,
			);
			name = LaunchScreen.storyboard;
			sourceTree = "<group>";
		};
/* End PBXVariantGroup section */

/* Begin XCBuildConfiguration section */
		64DEA0E81CC5C87400787C84 /* Debug */ = {
			isa = XCBuildConfiguration;
			buildSettings = {
				ALWAYS_SEARCH_USER_PATHS = NO;
				CLANG_CXX_LANGUAGE_STANDARD = "gnu++0x";
				CLANG_CXX_LIBRARY = "libc++";
				CLANG_ENABLE_MODULES = YES;
				CLANG_ENABLE_OBJC_ARC = YES;
				CLANG_WARN_BOOL_CONVERSION = YES;
				CLANG_WARN_CONSTANT_CONVERSION = YES;
				CLANG_WARN_DIRECT_OBJC_ISA_USAGE = YES_ERROR;
				CLANG_WARN_EMPTY_BODY = YES;
				CLANG_WARN_ENUM_CONVERSION = YES;
				CLANG_WARN_INT_CONVERSION = YES;
				CLANG_WARN_OBJC_ROOT_CLASS = YES_ERROR;
				CLANG_WARN_UNREACHABLE_CODE = YES;
				CLANG_WARN__DUPLICATE_METHOD_MATCH = YES;
				"CODE_SIGN_IDENTITY[sdk=iphoneos*]" = "iPhone Developer";
				COPY_PHASE_STRIP = NO;
				DEBUG_INFORMATION_FORMAT = dwarf;
				ENABLE_STRICT_OBJC_MSGSEND = YES;
				ENABLE_TESTABILITY = YES;
				GCC_C_LANGUAGE_STANDARD = gnu99;
				GCC_DYNAMIC_NO_PIC = NO;
				GCC_NO_COMMON_BLOCKS = YES;
				GCC_OPTIMIZATION_LEVEL = 0;
				GCC_PREPROCESSOR_DEFINITIONS = (
					"DEBUG=1",
					"$(inherited)",
				);
				GCC_WARN_64_TO_32_BIT_CONVERSION = YES;
				GCC_WARN_ABOUT_RETURN_TYPE = YES_ERROR;
				GCC_WARN_UNDECLARED_SELECTOR = YES;
				GCC_WARN_UNINITIALIZED_AUTOS = YES_AGGRESSIVE;
				GCC_WARN_UNUSED_FUNCTION = YES;
				GCC_WARN_UNUSED_VARIABLE = YES;
				IPHONEOS_DEPLOYMENT_TARGET = 9.2;
				MTL_ENABLE_DEBUG_INFO = YES;
				ONLY_ACTIVE_ARCH = YES;
				SDKROOT = iphoneos;
				SWIFT_OPTIMIZATION_LEVEL = "-Onone";
			};
			name = Debug;
		};
		64DEA0E91CC5C87400787C84 /* Release */ = {
			isa = XCBuildConfiguration;
			buildSettings = {
				ALWAYS_SEARCH_USER_PATHS = NO;
				CLANG_CXX_LANGUAGE_STANDARD = "gnu++0x";
				CLANG_CXX_LIBRARY = "libc++";
				CLANG_ENABLE_MODULES = YES;
				CLANG_ENABLE_OBJC_ARC = YES;
				CLANG_WARN_BOOL_CONVERSION = YES;
				CLANG_WARN_CONSTANT_CONVERSION = YES;
				CLANG_WARN_DIRECT_OBJC_ISA_USAGE = YES_ERROR;
				CLANG_WARN_EMPTY_BODY = YES;
				CLANG_WARN_ENUM_CONVERSION = YES;
				CLANG_WARN_INT_CONVERSION = YES;
				CLANG_WARN_OBJC_ROOT_CLASS = YES_ERROR;
				CLANG_WARN_UNREACHABLE_CODE = YES;
				CLANG_WARN__DUPLICATE_METHOD_MATCH = YES;
				"CODE_SIGN_IDENTITY[sdk=iphoneos*]" = "iPhone Developer";
				COPY_PHASE_STRIP = NO;
				DEBUG_INFORMATION_FORMAT = "dwarf-with-dsym";
				ENABLE_NS_ASSERTIONS = NO;
				ENABLE_STRICT_OBJC_MSGSEND = YES;
				GCC_C_LANGUAGE_STANDARD = gnu99;
				GCC_NO_COMMON_BLOCKS = YES;
				GCC_WARN_64_TO_32_BIT_CONVERSION = YES;
				GCC_WARN_ABOUT_RETURN_TYPE = YES_ERROR;
				GCC_WARN_UNDECLARED_SELECTOR = YES;
				GCC_WARN_UNINITIALIZED_AUTOS = YES_AGGRESSIVE;
				GCC_WARN_UNUSED_FUNCTION = YES;
				GCC_WARN_UNUSED_VARIABLE = YES;
				IPHONEOS_DEPLOYMENT_TARGET = 9.2;
				MTL_ENABLE_DEBUG_INFO = NO;
				SDKROOT = iphoneos;
				VALIDATE_PRODUCT = YES;
			};
			name = Release;
		};
		64DEA0EB1CC5C87400787C84 /* Debug */ = {
			isa = XCBuildConfiguration;
			buildSettings = {
				ASSETCATALOG_COMPILER_APPICON_NAME = AppIcon;
				INFOPLIST_FILE = Homies/Info.plist;
				LD_RUNPATH_SEARCH_PATHS = "$(inherited) @executable_path/Frameworks";
				PRODUCT_BUNDLE_IDENTIFIER = com.samkhano.Homies;
				PRODUCT_NAME = "$(TARGET_NAME)";
			};
			name = Debug;
		};
		64DEA0EC1CC5C87400787C84 /* Release */ = {
			isa = XCBuildConfiguration;
			buildSettings = {
				ASSETCATALOG_COMPILER_APPICON_NAME = AppIcon;
				INFOPLIST_FILE = Homies/Info.plist;
				LD_RUNPATH_SEARCH_PATHS = "$(inherited) @executable_path/Frameworks";
				PRODUCT_BUNDLE_IDENTIFIER = com.samkhano.Homies;
				PRODUCT_NAME = "$(TARGET_NAME)";
			};
			name = Release;
		};
/* End XCBuildConfiguration section */

/* Begin XCConfigurationList section */
		64DEA0D31CC5C87400787C84 /* Build configuration list for PBXProject "Homies" */ = {
			isa = XCConfigurationList;
			buildConfigurations = (
				64DEA0E81CC5C87400787C84 /* Debug */,
				64DEA0E91CC5C87400787C84 /* Release */,
			);
			defaultConfigurationIsVisible = 0;
			defaultConfigurationName = Release;
		};
		64DEA0EA1CC5C87400787C84 /* Build configuration list for PBXNativeTarget "Homies" */ = {
			isa = XCConfigurationList;
			buildConfigurations = (
				64DEA0EB1CC5C87400787C84 /* Debug */,
				64DEA0EC1CC5C87400787C84 /* Release */,
			);
			defaultConfigurationIsVisible = 0;
			defaultConfigurationName = Release;
		};
/* End XCConfigurationList section */
	};
	rootObject = 64DEA0D01CC5C87400787C84 /* Project object */;
}
